
Microsoft Visual Studio Solution File, Format Version 12.00
# Visual Studio 15
VisualStudioVersion = 15.0.28307.489
MinimumVisualStudioVersion = 10.0.40219.1
Project("{FAE04EC0-301F-11D3-BF4B-00C04F79EFBC}") = "GUIEksamen2019SmartCity", "GUIEksamen2019SmartCity\GUIEksamen2019SmartCity.csproj", "{8518CC95-A954-4B5B-AA48-34D13A99FEAE}"
EndProject
Project("{FAE04EC0-301F-11D3-BF4B-00C04F79EFBC}") = "GUIEksamen2019SmartCityWeb", "GUIEksamen2019SmartCityWeb\GUIEksamen2019SmartCityWeb.csproj", "{F551E528-6037-456F-9BA7-D39BB8711AB6}"
EndProject
Global
	GlobalSection(SolutionConfigurationPlatforms) = preSolution
		Debug|Any CPU = Debug|Any CPU
		Release|Any CPU = Release|Any CPU
	EndGlobalSection
	GlobalSection(ProjectConfigurationPlatforms) = postSolution
		{8518CC95-A954-4B5B-AA48-34D13A99FEAE}.Debug|Any CPU.ActiveCfg = Debug|Any CPU
		{8518CC95-A954-4B5B-AA48-34D13A99FEAE}.Debug|Any CPU.Build.0 = Debug|Any CPU
		{8518CC95-A954-4B5B-AA48-34D13A99FEAE}.Release|Any CPU.ActiveCfg = Release|Any CPU
		{8518CC95-A954-4B5B-AA48-34D13A99FEAE}.Release|Any CPU.Build.0 = Release|Any CPU
		{F551E528-6037-456F-9BA7-D39BB8711AB6}.Debug|Any CPU.ActiveCfg = Debug|Any CPU
		{F551E528-6037-456F-9BA7-D39BB8711AB6}.Debug|Any CPU.Build.0 = Debug|Any CPU
		{F551E528-6037-456F-9BA7-D39BB8711AB6}.Release|Any CPU.ActiveCfg = Release|Any CPU
		{F551E528-6037-456F-9BA7-D39BB8711AB6}.Release|Any CPU.Build.0 = Release|Any CPU
	EndGlobalSection
	GlobalSection(SolutionProperties) = preSolution
		HideSolutionNode = FALSE
	EndGlobalSection
	GlobalSection(ExtensibilityGlobals) = postSolution
		SolutionGuid = {78E8D60E-CE16-41BC-8063-50F12C73F0B6}
	EndGlobalSection
EndGlobal
